// !$*UTF8*$!
{
	archiveVersion = 1;
	classes = {
	};
	objectVersion = 56;
	objects = {

/* Begin PBXBuildFile section */
		3C58B246017DBE1606E88C7E /* Pods_UIToDoList.framework in Frameworks */ = {isa = PBXBuildFile; fileRef = 278455A3A9F44B59ECCC4D7E /* Pods_UIToDoList.framework */; };
		6F4C1FD62A76F8B300712F17 /* AppDelegate.swift in Sources */ = {isa = PBXBuildFile; fileRef = 6F4C1FD52A76F8B300712F17 /* AppDelegate.swift */; };
		6F4C1FD82A76F8B300712F17 /* SceneDelegate.swift in Sources */ = {isa = PBXBuildFile; fileRef = 6F4C1FD72A76F8B300712F17 /* SceneDelegate.swift */; };
		6F4C1FDA2A76F8B300712F17 /* ViewController.swift in Sources */ = {isa = PBXBuildFile; fileRef = 6F4C1FD92A76F8B300712F17 /* ViewController.swift */; };
		6F4C1FDD2A76F8B300712F17 /* Main.storyboard in Resources */ = {isa = PBXBuildFile; fileRef = 6F4C1FDB2A76F8B300712F17 /* Main.storyboard */; };
		6F4C1FDF2A76F8B500712F17 /* Assets.xcassets in Resources */ = {isa = PBXBuildFile; fileRef = 6F4C1FDE2A76F8B500712F17 /* Assets.xcassets */; };
		6F4C1FE22A76F8B500712F17 /* LaunchScreen.storyboard in Resources */ = {isa = PBXBuildFile; fileRef = 6F4C1FE02A76F8B500712F17 /* LaunchScreen.storyboard */; };
		6F52E8E42A7B2DDD007569C5 /* TimePicker.storyboard in Resources */ = {isa = PBXBuildFile; fileRef = 6F52E8E32A7B2DDD007569C5 /* TimePicker.storyboard */; };
		6F52E8E62A7B2E32007569C5 /* TimePickerViewController.swift in Sources */ = {isa = PBXBuildFile; fileRef = 6F52E8E52A7B2E32007569C5 /* TimePickerViewController.swift */; };
		6F52E8E92A7B4CFC007569C5 /* Date.swift in Sources */ = {isa = PBXBuildFile; fileRef = 6F52E8E82A7B4CFC007569C5 /* Date.swift */; };
		6F76A2D22A7876F200A7D1DC /* LoginViewController.swift in Sources */ = {isa = PBXBuildFile; fileRef = 6F76A2D12A7876F200A7D1DC /* LoginViewController.swift */; };
		6F76A2D42A78771F00A7D1DC /* ListTaskViewController.swift in Sources */ = {isa = PBXBuildFile; fileRef = 6F76A2D32A78771F00A7D1DC /* ListTaskViewController.swift */; };
		6F76A2D62A78778000A7D1DC /* ManageTaskTableViewController.swift in Sources */ = {isa = PBXBuildFile; fileRef = 6F76A2D52A78778000A7D1DC /* ManageTaskTableViewController.swift */; };
		6F76A2D92A787A7300A7D1DC /* FSCalendar in Frameworks */ = {isa = PBXBuildFile; productRef = 6F76A2D82A787A7300A7D1DC /* FSCalendar */; };
		6F76A2DD2A789CCA00A7D1DC /* EmptyTableViewCell.swift in Sources */ = {isa = PBXBuildFile; fileRef = 6F76A2DB2A789CCA00A7D1DC /* EmptyTableViewCell.swift */; };
		6F76A2DE2A789CCA00A7D1DC /* EmptyTableViewCell.xib in Resources */ = {isa = PBXBuildFile; fileRef = 6F76A2DC2A789CCA00A7D1DC /* EmptyTableViewCell.xib */; };
		6F76A2E02A78A16B00A7D1DC /* TaskTableViewCell.swift in Sources */ = {isa = PBXBuildFile; fileRef = 6F76A2DF2A78A16B00A7D1DC /* TaskTableViewCell.swift */; };
		6F8F841D2A7C99C600C087A5 /* Task.swift in Sources */ = {isa = PBXBuildFile; fileRef = 6F8F841C2A7C99C600C087A5 /* Task.swift */; };
		6F8F84212A7C9AAD00C087A5 /* TaskDefaultHelper.swift in Sources */ = {isa = PBXBuildFile; fileRef = 6F8F84202A7C9AAD00C087A5 /* TaskDefaultHelper.swift */; };
		6FAEF4CB2A77021A00A67536 /* InitialTasks.storyboard in Resources */ = {isa = PBXBuildFile; fileRef = 6FAEF4CA2A77021A00A67536 /* InitialTasks.storyboard */; };
/* End PBXBuildFile section */

/* Begin PBXFileReference section */
		278455A3A9F44B59ECCC4D7E /* Pods_UIToDoList.framework */ = {isa = PBXFileReference; explicitFileType = wrapper.framework; includeInIndex = 0; path = Pods_UIToDoList.framework; sourceTree = BUILT_PRODUCTS_DIR; };
		43173843748BDC4463C3F221 /* Pods-UIToDoList.release.xcconfig */ = {isa = PBXFileReference; includeInIndex = 1; lastKnownFileType = text.xcconfig; name = "Pods-UIToDoList.release.xcconfig"; path = "Target Support Files/Pods-UIToDoList/Pods-UIToDoList.release.xcconfig"; sourceTree = "<group>"; };
		6F4C1FD22A76F8B300712F17 /* UIToDoList.app */ = {isa = PBXFileReference; explicitFileType = wrapper.application; includeInIndex = 0; path = UIToDoList.app; sourceTree = BUILT_PRODUCTS_DIR; };
		6F4C1FD52A76F8B300712F17 /* AppDelegate.swift */ = {isa = PBXFileReference; lastKnownFileType = sourcecode.swift; path = AppDelegate.swift; sourceTree = "<group>"; };
		6F4C1FD72A76F8B300712F17 /* SceneDelegate.swift */ = {isa = PBXFileReference; lastKnownFileType = sourcecode.swift; path = SceneDelegate.swift; sourceTree = "<group>"; };
		6F4C1FD92A76F8B300712F17 /* ViewController.swift */ = {isa = PBXFileReference; lastKnownFileType = sourcecode.swift; path = ViewController.swift; sourceTree = "<group>"; };
		6F4C1FDC2A76F8B300712F17 /* Base */ = {isa = PBXFileReference; lastKnownFileType = file.storyboard; name = Base; path = Base.lproj/Main.storyboard; sourceTree = "<group>"; };
		6F4C1FDE2A76F8B500712F17 /* Assets.xcassets */ = {isa = PBXFileReference; lastKnownFileType = folder.assetcatalog; path = Assets.xcassets; sourceTree = "<group>"; };
		6F4C1FE12A76F8B500712F17 /* Base */ = {isa = PBXFileReference; lastKnownFileType = file.storyboard; name = Base; path = Base.lproj/LaunchScreen.storyboard; sourceTree = "<group>"; };
		6F4C1FE32A76F8B500712F17 /* Info.plist */ = {isa = PBXFileReference; lastKnownFileType = text.plist.xml; path = Info.plist; sourceTree = "<group>"; };
		6F52E8E32A7B2DDD007569C5 /* TimePicker.storyboard */ = {isa = PBXFileReference; lastKnownFileType = file.storyboard; path = TimePicker.storyboard; sourceTree = "<group>"; };
		6F52E8E52A7B2E32007569C5 /* TimePickerViewController.swift */ = {isa = PBXFileReference; lastKnownFileType = sourcecode.swift; path = TimePickerViewController.swift; sourceTree = "<group>"; };
		6F52E8E82A7B4CFC007569C5 /* Date.swift */ = {isa = PBXFileReference; lastKnownFileType = sourcecode.swift; path = Date.swift; sourceTree = "<group>"; };
		6F76A2D12A7876F200A7D1DC /* LoginViewController.swift */ = {isa = PBXFileReference; lastKnownFileType = sourcecode.swift; path = LoginViewController.swift; sourceTree = "<group>"; };
		6F76A2D32A78771F00A7D1DC /* ListTaskViewController.swift */ = {isa = PBXFileReference; lastKnownFileType = sourcecode.swift; path = ListTaskViewController.swift; sourceTree = "<group>"; };
		6F76A2D52A78778000A7D1DC /* ManageTaskTableViewController.swift */ = {isa = PBXFileReference; lastKnownFileType = sourcecode.swift; path = ManageTaskTableViewController.swift; sourceTree = "<group>"; };
		6F76A2DB2A789CCA00A7D1DC /* EmptyTableViewCell.swift */ = {isa = PBXFileReference; lastKnownFileType = sourcecode.swift; path = EmptyTableViewCell.swift; sourceTree = "<group>"; };
		6F76A2DC2A789CCA00A7D1DC /* EmptyTableViewCell.xib */ = {isa = PBXFileReference; lastKnownFileType = file.xib; path = EmptyTableViewCell.xib; sourceTree = "<group>"; };
		6F76A2DF2A78A16B00A7D1DC /* TaskTableViewCell.swift */ = {isa = PBXFileReference; lastKnownFileType = sourcecode.swift; path = TaskTableViewCell.swift; sourceTree = "<group>"; };
		6F8F841C2A7C99C600C087A5 /* Task.swift */ = {isa = PBXFileReference; lastKnownFileType = sourcecode.swift; path = Task.swift; sourceTree = "<group>"; };
		6F8F841E2A7C9A5A00C087A5 /* README.md */ = {isa = PBXFileReference; lastKnownFileType = net.daringfireball.markdown; path = README.md; sourceTree = "<group>"; };
		6F8F84202A7C9AAD00C087A5 /* TaskDefaultHelper.swift */ = {isa = PBXFileReference; lastKnownFileType = sourcecode.swift; path = TaskDefaultHelper.swift; sourceTree = "<group>"; };
		6FAEF4CA2A77021A00A67536 /* InitialTasks.storyboard */ = {isa = PBXFileReference; lastKnownFileType = file.storyboard; path = InitialTasks.storyboard; sourceTree = "<group>"; };
		7DDB1D21E173C8691FC0A2CB /* Pods-UIToDoList.debug.xcconfig */ = {isa = PBXFileReference; includeInIndex = 1; lastKnownFileType = text.xcconfig; name = "Pods-UIToDoList.debug.xcconfig"; path = "Target Support Files/Pods-UIToDoList/Pods-UIToDoList.debug.xcconfig"; sourceTree = "<group>"; };
/* End PBXFileReference section */

/* Begin PBXFrameworksBuildPhase section */
		6F4C1FCF2A76F8B300712F17 /* Frameworks */ = {
			isa = PBXFrameworksBuildPhase;
			buildActionMask = 2147483647;
			files = (
				3C58B246017DBE1606E88C7E /* Pods_UIToDoList.framework in Frameworks */,
				6F76A2D92A787A7300A7D1DC /* FSCalendar in Frameworks */,
			);
			runOnlyForDeploymentPostprocessing = 0;
		};
/* End PBXFrameworksBuildPhase section */

/* Begin PBXGroup section */
		039D398425B8FA83E21D2F6E /* Frameworks */ = {
			isa = PBXGroup;
			children = (
				278455A3A9F44B59ECCC4D7E /* Pods_UIToDoList.framework */,
			);
			name = Frameworks;
			sourceTree = "<group>";
		};
		6F4C1FC92A76F8B300712F17 = {
			isa = PBXGroup;
			children = (
				6F8F841E2A7C9A5A00C087A5 /* README.md */,
				6F4C1FD42A76F8B300712F17 /* UIToDoList */,
				6F4C1FD32A76F8B300712F17 /* Products */,
				74E9DF5145457C4E862E630F /* Pods */,
				039D398425B8FA83E21D2F6E /* Frameworks */,
			);
			sourceTree = "<group>";
		};
		6F4C1FD32A76F8B300712F17 /* Products */ = {
			isa = PBXGroup;
			children = (
				6F4C1FD22A76F8B300712F17 /* UIToDoList.app */,
			);
			name = Products;
			sourceTree = "<group>";
		};
		6F4C1FD42A76F8B300712F17 /* UIToDoList */ = {
			isa = PBXGroup;
			children = (
				6F4C1FE92A76F92000712F17 /* Sources */,
				6F4C1FD52A76F8B300712F17 /* AppDelegate.swift */,
				6F4C1FD72A76F8B300712F17 /* SceneDelegate.swift */,
				6F4C1FDE2A76F8B500712F17 /* Assets.xcassets */,
				6F4C1FE32A76F8B500712F17 /* Info.plist */,
			);
			path = UIToDoList;
			sourceTree = "<group>";
		};
		6F4C1FE92A76F92000712F17 /* Sources */ = {
			isa = PBXGroup;
			children = (
				6F8F841F2A7C9A8A00C087A5 /* Support */,
				6F52E8E72A7B4CDB007569C5 /* Extensions */,
				6F52E8E22A7B2D98007569C5 /* Components */,
				6F4C1FEA2A76F93700712F17 /* Controllers */,
				6F4C1FEB2A76F94200712F17 /* Models */,
				6F4C1FEC2A76F94800712F17 /* Views */,
			);
			path = Sources;
			sourceTree = "<group>";
		};
		6F4C1FEA2A76F93700712F17 /* Controllers */ = {
			isa = PBXGroup;
			children = (
				6F4C1FD92A76F8B300712F17 /* ViewController.swift */,
				6F76A2D12A7876F200A7D1DC /* LoginViewController.swift */,
				6F76A2D32A78771F00A7D1DC /* ListTaskViewController.swift */,
				6F76A2D52A78778000A7D1DC /* ManageTaskTableViewController.swift */,
			);
			path = Controllers;
			sourceTree = "<group>";
		};
		6F4C1FEB2A76F94200712F17 /* Models */ = {
			isa = PBXGroup;
			children = (
				6F8F841C2A7C99C600C087A5 /* Task.swift */,
			);
			path = Models;
			sourceTree = "<group>";
		};
		6F4C1FEC2A76F94800712F17 /* Views */ = {
			isa = PBXGroup;
			children = (
				6F76A2DA2A789CA500A7D1DC /* Cells */,
				6F4C1FE02A76F8B500712F17 /* LaunchScreen.storyboard */,
				6F4C1FDB2A76F8B300712F17 /* Main.storyboard */,
				6FAEF4CA2A77021A00A67536 /* InitialTasks.storyboard */,
			);
			path = Views;
			sourceTree = "<group>";
		};
		6F52E8E22A7B2D98007569C5 /* Components */ = {
			isa = PBXGroup;
			children = (
				6F52E8E32A7B2DDD007569C5 /* TimePicker.storyboard */,
				6F52E8E52A7B2E32007569C5 /* TimePickerViewController.swift */,
			);
			path = Components;
			sourceTree = "<group>";
		};
		6F52E8E72A7B4CDB007569C5 /* Extensions */ = {
			isa = PBXGroup;
			children = (
				6F52E8E82A7B4CFC007569C5 /* Date.swift */,
			);
			path = Extensions;
			sourceTree = "<group>";
		};
		6F76A2DA2A789CA500A7D1DC /* Cells */ = {
			isa = PBXGroup;
			children = (
				6F76A2DB2A789CCA00A7D1DC /* EmptyTableViewCell.swift */,
				6F76A2DF2A78A16B00A7D1DC /* TaskTableViewCell.swift */,
				6F76A2DC2A789CCA00A7D1DC /* EmptyTableViewCell.xib */,
			);
			path = Cells;
			sourceTree = "<group>";
		};
		6F8F841F2A7C9A8A00C087A5 /* Support */ = {
			isa = PBXGroup;
			children = (
				6F8F84202A7C9AAD00C087A5 /* TaskDefaultHelper.swift */,
			);
			path = Support;
			sourceTree = "<group>";
		};
		74E9DF5145457C4E862E630F /* Pods */ = {
			isa = PBXGroup;
			children = (
				7DDB1D21E173C8691FC0A2CB /* Pods-UIToDoList.debug.xcconfig */,
				43173843748BDC4463C3F221 /* Pods-UIToDoList.release.xcconfig */,
			);
			path = Pods;
			sourceTree = "<group>";
		};
/* End PBXGroup section */

/* Begin PBXNativeTarget section */
		6F4C1FD12A76F8B300712F17 /* UIToDoList */ = {
			isa = PBXNativeTarget;
			buildConfigurationList = 6F4C1FE62A76F8B500712F17 /* Build configuration list for PBXNativeTarget "UIToDoList" */;
			buildPhases = (
				387D34B50C334E8A4B894D80 /* [CP] Check Pods Manifest.lock */,
				6F4C1FCE2A76F8B300712F17 /* Sources */,
				6F4C1FCF2A76F8B300712F17 /* Frameworks */,
				6F4C1FD02A76F8B300712F17 /* Resources */,
			);
			buildRules = (
			);
			dependencies = (
			);
			name = UIToDoList;
			packageProductDependencies = (
				6F76A2D82A787A7300A7D1DC /* FSCalendar */,
			);
			productName = UIToDoList;
			productReference = 6F4C1FD22A76F8B300712F17 /* UIToDoList.app */;
			productType = "com.apple.product-type.application";
		};
/* End PBXNativeTarget section */

/* Begin PBXProject section */
		6F4C1FCA2A76F8B300712F17 /* Project object */ = {
			isa = PBXProject;
			attributes = {
				BuildIndependentTargetsInParallel = 1;
				LastSwiftUpdateCheck = 1430;
				LastUpgradeCheck = 1430;
				TargetAttributes = {
					6F4C1FD12A76F8B300712F17 = {
						CreatedOnToolsVersion = 14.3.1;
					};
				};
			};
			buildConfigurationList = 6F4C1FCD2A76F8B300712F17 /* Build configuration list for PBXProject "UIToDoList" */;
			compatibilityVersion = "Xcode 14.0";
			developmentRegion = en;
			hasScannedForEncodings = 0;
			knownRegions = (
				en,
				Base,
			);
			mainGroup = 6F4C1FC92A76F8B300712F17;
			packageReferences = (
				6F76A2D72A787A7300A7D1DC /* XCRemoteSwiftPackageReference "FSCalendar" */,
			);
			productRefGroup = 6F4C1FD32A76F8B300712F17 /* Products */;
			projectDirPath = "";
			projectRoot = "";
			targets = (
				6F4C1FD12A76F8B300712F17 /* UIToDoList */,
			);
		};
/* End PBXProject section */

/* Begin PBXResourcesBuildPhase section */
		6F4C1FD02A76F8B300712F17 /* Resources */ = {
			isa = PBXResourcesBuildPhase;
			buildActionMask = 2147483647;
			files = (
				6F4C1FE22A76F8B500712F17 /* LaunchScreen.storyboard in Resources */,
				6F76A2DE2A789CCA00A7D1DC /* EmptyTableViewCell.xib in Resources */,
				6F4C1FDF2A76F8B500712F17 /* Assets.xcassets in Resources */,
				6FAEF4CB2A77021A00A67536 /* InitialTasks.storyboard in Resources */,
				6F4C1FDD2A76F8B300712F17 /* Main.storyboard in Resources */,
				6F52E8E42A7B2DDD007569C5 /* TimePicker.storyboard in Resources */,
			);
			runOnlyForDeploymentPostprocessing = 0;
		};
/* End PBXResourcesBuildPhase section */

/* Begin PBXShellScriptBuildPhase section */
		387D34B50C334E8A4B894D80 /* [CP] Check Pods Manifest.lock */ = {
			isa = PBXShellScriptBuildPhase;
			buildActionMask = 2147483647;
			files = (
			);
			inputFileListPaths = (
			);
			inputPaths = (
				"${PODS_PODFILE_DIR_PATH}/Podfile.lock",
				"${PODS_ROOT}/Manifest.lock",
			);
			name = "[CP] Check Pods Manifest.lock";
			outputFileListPaths = (
			);
			outputPaths = (
				"$(DERIVED_FILE_DIR)/Pods-UIToDoList-checkManifestLockResult.txt",
			);
			runOnlyForDeploymentPostprocessing = 0;
			shellPath = /bin/sh;
			shellScript = "diff \"${PODS_PODFILE_DIR_PATH}/Podfile.lock\" \"${PODS_ROOT}/Manifest.lock\" > /dev/null\nif [ $? != 0 ] ; then\n    # print error to STDERR\n    echo \"error: The sandbox is not in sync with the Podfile.lock. Run 'pod install' or update your CocoaPods installation.\" >&2\n    exit 1\nfi\n# This output is used by Xcode 'outputs' to avoid re-running this script phase.\necho \"SUCCESS\" > \"${SCRIPT_OUTPUT_FILE_0}\"\n";
			showEnvVarsInLog = 0;
		};
/* End PBXShellScriptBuildPhase section */

/* Begin PBXSourcesBuildPhase section */
		6F4C1FCE2A76F8B300712F17 /* Sources */ = {
			isa = PBXSourcesBuildPhase;
			buildActionMask = 2147483647;
			files = (
				6F76A2E02A78A16B00A7D1DC /* TaskTableViewCell.swift in Sources */,
				6F52E8E92A7B4CFC007569C5 /* Date.swift in Sources */,
				6F8F84212A7C9AAD00C087A5 /* TaskDefaultHelper.swift in Sources */,
				6F76A2D22A7876F200A7D1DC /* LoginViewController.swift in Sources */,
				6F4C1FDA2A76F8B300712F17 /* ViewController.swift in Sources */,
				6F8F841D2A7C99C600C087A5 /* Task.swift in Sources */,
				6F4C1FD62A76F8B300712F17 /* AppDelegate.swift in Sources */,
				6F52E8E62A7B2E32007569C5 /* TimePickerViewController.swift in Sources */,
				6F76A2D62A78778000A7D1DC /* ManageTaskTableViewController.swift in Sources */,
				6F76A2D42A78771F00A7D1DC /* ListTaskViewController.swift in Sources */,
				6F76A2DD2A789CCA00A7D1DC /* EmptyTableViewCell.swift in Sources */,
				6F4C1FD82A76F8B300712F17 /* SceneDelegate.swift in Sources */,
			);
			runOnlyForDeploymentPostprocessing = 0;
		};
/* End PBXSourcesBuildPhase section */

/* Begin PBXVariantGroup section */
		6F4C1FDB2A76F8B300712F17 /* Main.storyboard */ = {
			isa = PBXVariantGroup;
			children = (
				6F4C1FDC2A76F8B300712F17 /* Base */,
			);
			name = Main.storyboard;
			sourceTree = "<group>";
		};
		6F4C1FE02A76F8B500712F17 /* LaunchScreen.storyboard */ = {
			isa = PBXVariantGroup;
			children = (
				6F4C1FE12A76F8B500712F17 /* Base */,
			);
			name = LaunchScreen.storyboard;
			sourceTree = "<group>";
		};
/* End PBXVariantGroup section */

/* Begin XCBuildConfiguration section */
		6F4C1FE42A76F8B500712F17 /* Debug */ = {
			isa = XCBuildConfiguration;
			buildSettings = {
				ALWAYS_SEARCH_USER_PATHS = NO;
				CLANG_ANALYZER_NONNULL = YES;
				CLANG_ANALYZER_NUMBER_OBJECT_CONVERSION = YES_AGGRESSIVE;
				CLANG_CXX_LANGUAGE_STANDARD = "gnu++20";
				CLANG_ENABLE_MODULES = YES;
				CLANG_ENABLE_OBJC_ARC = YES;
				CLANG_ENABLE_OBJC_WEAK = YES;
				CLANG_WARN_BLOCK_CAPTURE_AUTORELEASING = YES;
				CLANG_WARN_BOOL_CONVERSION = YES;
				CLANG_WARN_COMMA = YES;
				CLANG_WARN_CONSTANT_CONVERSION = YES;
				CLANG_WARN_DEPRECATED_OBJC_IMPLEMENTATIONS = YES;
				CLANG_WARN_DIRECT_OBJC_ISA_USAGE = YES_ERROR;
				CLANG_WARN_DOCUMENTATION_COMMENTS = YES;
				CLANG_WARN_EMPTY_BODY = YES;
				CLANG_WARN_ENUM_CONVERSION = YES;
				CLANG_WARN_INFINITE_RECURSION = YES;
				CLANG_WARN_INT_CONVERSION = YES;
				CLANG_WARN_NON_LITERAL_NULL_CONVERSION = YES;
				CLANG_WARN_OBJC_IMPLICIT_RETAIN_SELF = YES;
				CLANG_WARN_OBJC_LITERAL_CONVERSION = YES;
				CLANG_WARN_OBJC_ROOT_CLASS = YES_ERROR;
				CLANG_WARN_QUOTED_INCLUDE_IN_FRAMEWORK_HEADER = YES;
				CLANG_WARN_RANGE_LOOP_ANALYSIS = YES;
				CLANG_WARN_STRICT_PROTOTYPES = YES;
				CLANG_WARN_SUSPICIOUS_MOVE = YES;
				CLANG_WARN_UNGUARDED_AVAILABILITY = YES_AGGRESSIVE;
				CLANG_WARN_UNREACHABLE_CODE = YES;
				CLANG_WARN__DUPLICATE_METHOD_MATCH = YES;
				COPY_PHASE_STRIP = NO;
				DEBUG_INFORMATION_FORMAT = dwarf;
				ENABLE_STRICT_OBJC_MSGSEND = YES;
				ENABLE_TESTABILITY = YES;
				GCC_C_LANGUAGE_STANDARD = gnu11;
				GCC_DYNAMIC_NO_PIC = NO;
				GCC_NO_COMMON_BLOCKS = YES;
				GCC_OPTIMIZATION_LEVEL = 0;
				GCC_PREPROCESSOR_DEFINITIONS = (
					"DEBUG=1",
					"$(inherited)",
				);
				GCC_WARN_64_TO_32_BIT_CONVERSION = YES;
				GCC_WARN_ABOUT_RETURN_TYPE = YES_ERROR;
				GCC_WARN_UNDECLARED_SELECTOR = YES;
				GCC_WARN_UNINITIALIZED_AUTOS = YES_AGGRESSIVE;
				GCC_WARN_UNUSED_FUNCTION = YES;
				GCC_WARN_UNUSED_VARIABLE = YES;
				IPHONEOS_DEPLOYMENT_TARGET = 16.4;
				MTL_ENABLE_DEBUG_INFO = INCLUDE_SOURCE;
				MTL_FAST_MATH = YES;
				ONLY_ACTIVE_ARCH = YES;
				SDKROOT = iphoneos;
				SWIFT_ACTIVE_COMPILATION_CONDITIONS = DEBUG;
				SWIFT_OPTIMIZATION_LEVEL = "-Onone";
			};
			name = Debug;
		};
		6F4C1FE52A76F8B500712F17 /* Release */ = {
			isa = XCBuildConfiguration;
			buildSettings = {
				ALWAYS_SEARCH_USER_PATHS = NO;
				CLANG_ANALYZER_NONNULL = YES;
				CLANG_ANALYZER_NUMBER_OBJECT_CONVERSION = YES_AGGRESSIVE;
				CLANG_CXX_LANGUAGE_STANDARD = "gnu++20";
				CLANG_ENABLE_MODULES = YES;
				CLANG_ENABLE_OBJC_ARC = YES;
				CLANG_ENABLE_OBJC_WEAK = YES;
				CLANG_WARN_BLOCK_CAPTURE_AUTORELEASING = YES;
				CLANG_WARN_BOOL_CONVERSION = YES;
				CLANG_WARN_COMMA = YES;
				CLANG_WARN_CONSTANT_CONVERSION = YES;
				CLANG_WARN_DEPRECATED_OBJC_IMPLEMENTATIONS = YES;
				CLANG_WARN_DIRECT_OBJC_ISA_USAGE = YES_ERROR;
				CLANG_WARN_DOCUMENTATION_COMMENTS = YES;
				CLANG_WARN_EMPTY_BODY = YES;
				CLANG_WARN_ENUM_CONVERSION = YES;
				CLANG_WARN_INFINITE_RECURSION = YES;
				CLANG_WARN_INT_CONVERSION = YES;
				CLANG_WARN_NON_LITERAL_NULL_CONVERSION = YES;
				CLANG_WARN_OBJC_IMPLICIT_RETAIN_SELF = YES;
				CLANG_WARN_OBJC_LITERAL_CONVERSION = YES;
				CLANG_WARN_OBJC_ROOT_CLASS = YES_ERROR;
				CLANG_WARN_QUOTED_INCLUDE_IN_FRAMEWORK_HEADER = YES;
				CLANG_WARN_RANGE_LOOP_ANALYSIS = YES;
				CLANG_WARN_STRICT_PROTOTYPES = YES;
				CLANG_WARN_SUSPICIOUS_MOVE = YES;
				CLANG_WARN_UNGUARDED_AVAILABILITY = YES_AGGRESSIVE;
				CLANG_WARN_UNREACHABLE_CODE = YES;
				CLANG_WARN__DUPLICATE_METHOD_MATCH = YES;
				COPY_PHASE_STRIP = NO;
				DEBUG_INFORMATION_FORMAT = "dwarf-with-dsym";
				ENABLE_NS_ASSERTIONS = NO;
				ENABLE_STRICT_OBJC_MSGSEND = YES;
				GCC_C_LANGUAGE_STANDARD = gnu11;
				GCC_NO_COMMON_BLOCKS = YES;
				GCC_WARN_64_TO_32_BIT_CONVERSION = YES;
				GCC_WARN_ABOUT_RETURN_TYPE = YES_ERROR;
				GCC_WARN_UNDECLARED_SELECTOR = YES;
				GCC_WARN_UNINITIALIZED_AUTOS = YES_AGGRESSIVE;
				GCC_WARN_UNUSED_FUNCTION = YES;
				GCC_WARN_UNUSED_VARIABLE = YES;
				IPHONEOS_DEPLOYMENT_TARGET = 16.4;
				MTL_ENABLE_DEBUG_INFO = NO;
				MTL_FAST_MATH = YES;
				SDKROOT = iphoneos;
				SWIFT_COMPILATION_MODE = wholemodule;
				SWIFT_OPTIMIZATION_LEVEL = "-O";
				VALIDATE_PRODUCT = YES;
			};
			name = Release;
		};
		6F4C1FE72A76F8B500712F17 /* Debug */ = {
			isa = XCBuildConfiguration;
			baseConfigurationReference = 7DDB1D21E173C8691FC0A2CB /* Pods-UIToDoList.debug.xcconfig */;
			buildSettings = {
				ASSETCATALOG_COMPILER_APPICON_NAME = AppIcon;
				ASSETCATALOG_COMPILER_GLOBAL_ACCENT_COLOR_NAME = AccentColor;
				CODE_SIGN_STYLE = Automatic;
				CURRENT_PROJECT_VERSION = 1;
				DEVELOPMENT_TEAM = K328B98U3F;
				GENERATE_INFOPLIST_FILE = YES;
				INFOPLIST_FILE = UIToDoList/Info.plist;
				INFOPLIST_KEY_UIApplicationSupportsIndirectInputEvents = YES;
				INFOPLIST_KEY_UILaunchStoryboardName = LaunchScreen;
				INFOPLIST_KEY_UIMainStoryboardFile = Main;
				INFOPLIST_KEY_UIRequiresFullScreen = YES;
				INFOPLIST_KEY_UISupportedInterfaceOrientations = UIInterfaceOrientationPortrait;
				LD_RUNPATH_SEARCH_PATHS = (
					"$(inherited)",
					"@executable_path/Frameworks",
				);
				MARKETING_VERSION = 1.0;
				PRODUCT_BUNDLE_IDENTIFIER = com.luizaraujo.practices.UIToDoList;
				PRODUCT_NAME = "$(TARGET_NAME)";
				SWIFT_EMIT_LOC_STRINGS = YES;
				SWIFT_VERSION = 5.0;
				TARGETED_DEVICE_FAMILY = "1,2";
			};
			name = Debug;
		};
		6F4C1FE82A76F8B500712F17 /* Release */ = {
			isa = XCBuildConfiguration;
			baseConfigurationReference = 43173843748BDC4463C3F221 /* Pods-UIToDoList.release.xcconfig */;
			buildSettings = {
				ASSETCATALOG_COMPILER_APPICON_NAME = AppIcon;
				ASSETCATALOG_COMPILER_GLOBAL_ACCENT_COLOR_NAME = AccentColor;
				CODE_SIGN_STYLE = Automatic;
				CURRENT_PROJECT_VERSION = 1;
				DEVELOPMENT_TEAM = K328B98U3F;
				GENERATE_INFOPLIST_FILE = YES;
				INFOPLIST_FILE = UIToDoList/Info.plist;
				INFOPLIST_KEY_UIApplicationSupportsIndirectInputEvents = YES;
				INFOPLIST_KEY_UILaunchStoryboardName = LaunchScreen;
				INFOPLIST_KEY_UIMainStoryboardFile = Main;
				INFOPLIST_KEY_UIRequiresFullScreen = YES;
				INFOPLIST_KEY_UISupportedInterfaceOrientations = UIInterfaceOrientationPortrait;
				LD_RUNPATH_SEARCH_PATHS = (
					"$(inherited)",
					"@executable_path/Frameworks",
				);
				MARKETING_VERSION = 1.0;
				PRODUCT_BUNDLE_IDENTIFIER = com.luizaraujo.practices.UIToDoList;
				PRODUCT_NAME = "$(TARGET_NAME)";
				SWIFT_EMIT_LOC_STRINGS = YES;
				SWIFT_VERSION = 5.0;
				TARGETED_DEVICE_FAMILY = "1,2";
			};
			name = Release;
		};
/* End XCBuildConfiguration section */

/* Begin XCConfigurationList section */
		6F4C1FCD2A76F8B300712F17 /* Build configuration list for PBXProject "UIToDoList" */ = {
			isa = XCConfigurationList;
			buildConfigurations = (
				6F4C1FE42A76F8B500712F17 /* Debug */,
				6F4C1FE52A76F8B500712F17 /* Release */,
			);
			defaultConfigurationIsVisible = 0;
			defaultConfigurationName = Release;
		};
		6F4C1FE62A76F8B500712F17 /* Build configuration list for PBXNativeTarget "UIToDoList" */ = {
			isa = XCConfigurationList;
			buildConfigurations = (
				6F4C1FE72A76F8B500712F17 /* Debug */,
				6F4C1FE82A76F8B500712F17 /* Release */,
			);
			defaultConfigurationIsVisible = 0;
			defaultConfigurationName = Release;
		};
/* End XCConfigurationList section */

/* Begin XCRemoteSwiftPackageReference section */
		6F76A2D72A787A7300A7D1DC /* XCRemoteSwiftPackageReference "FSCalendar" */ = {
			isa = XCRemoteSwiftPackageReference;
			repositoryURL = "https://github.com/WenchaoD/FSCalendar.git";
			requirement = {
				kind = upToNextMajorVersion;
				minimumVersion = 2.0.0;
			};
		};
/* End XCRemoteSwiftPackageReference section */

/* Begin XCSwiftPackageProductDependency section */
		6F76A2D82A787A7300A7D1DC /* FSCalendar */ = {
			isa = XCSwiftPackageProductDependency;
			package = 6F76A2D72A787A7300A7D1DC /* XCRemoteSwiftPackageReference "FSCalendar" */;
			productName = FSCalendar;
		};
/* End XCSwiftPackageProductDependency section */
	};
	rootObject = 6F4C1FCA2A76F8B300712F17 /* Project object */;
}
